
Microsoft Visual Studio Solution File, Format Version 12.00
# Visual Studio Version 16
VisualStudioVersion = 16.0.31624.102
MinimumVisualStudioVersion = 10.0.40219.1
Project("{FAE04EC0-301F-11D3-BF4B-00C04F79EFBC}") = "Semester 2 Prac 3", "Semester 2 Prac 3.csproj", "{3AFAFA33-E80A-4913-A119-2F9CDBCFE49A}"
EndProject
Project("{FAE04EC0-301F-11D3-BF4B-00C04F79EFBC}") = "BLL", "..\BLL\BLL.csproj", "{FE6F9E0F-8EF3-4420-8313-039F3CAD7B52}"
EndProject
Project("{FAE04EC0-301F-11D3-BF4B-00C04F79EFBC}") = "DAL", "..\DAL\DAL.csproj", "{D86EDADC-DCE9-4CE4-BCA4-B148B804E66F}"
EndProject
Global
	GlobalSection(SolutionConfigurationPlatforms) = preSolution
		Debug|Any CPU = Debug|Any CPU
		Release|Any CPU = Release|Any CPU
	EndGlobalSection
	GlobalSection(ProjectConfigurationPlatforms) = postSolution
		{3AFAFA33-E80A-4913-A119-2F9CDBCFE49A}.Debug|Any CPU.ActiveCfg = Debug|Any CPU
		{3AFAFA33-E80A-4913-A119-2F9CDBCFE49A}.Debug|Any CPU.Build.0 = Debug|Any CPU
		{3AFAFA33-E80A-4913-A119-2F9CDBCFE49A}.Release|Any CPU.ActiveCfg = Release|Any CPU
		{3AFAFA33-E80A-4913-A119-2F9CDBCFE49A}.Release|Any CPU.Build.0 = Release|Any CPU
		{FE6F9E0F-8EF3-4420-8313-039F3CAD7B52}.Debug|Any CPU.ActiveCfg = Debug|Any CPU
		{FE6F9E0F-8EF3-4420-8313-039F3CAD7B52}.Debug|Any CPU.Build.0 = Debug|Any CPU
		{FE6F9E0F-8EF3-4420-8313-039F3CAD7B52}.Release|Any CPU.ActiveCfg = Release|Any CPU
		{FE6F9E0F-8EF3-4420-8313-039F3CAD7B52}.Release|Any CPU.Build.0 = Release|Any CPU
		{D86EDADC-DCE9-4CE4-BCA4-B148B804E66F}.Debug|Any CPU.ActiveCfg = Debug|Any CPU
		{D86EDADC-DCE9-4CE4-BCA4-B148B804E66F}.Debug|Any CPU.Build.0 = Debug|Any CPU
		{D86EDADC-DCE9-4CE4-BCA4-B148B804E66F}.Release|Any CPU.ActiveCfg = Release|Any CPU
		{D86EDADC-DCE9-4CE4-BCA4-B148B804E66F}.Release|Any CPU.Build.0 = Release|Any CPU
	EndGlobalSection
	GlobalSection(SolutionProperties) = preSolution
		HideSolutionNode = FALSE
	EndGlobalSection
	GlobalSection(ExtensibilityGlobals) = postSolution
		SolutionGuid = {F1AF68C4-4AF8-4FBD-B1EF-74AA94F31A4D}
	EndGlobalSection
EndGlobal
